
Microsoft Visual Studio Solution File, Format Version 12.00
# Visual Studio Version 16
VisualStudioVersion = 16.0.29709.97
MinimumVisualStudioVersion = 10.0.40219.1
Project("{FAE04EC0-301F-11D3-BF4B-00C04F79EFBC}") = "Assignment 1", "Assignment 1\Assignment 1.csproj", "{2C67C586-1695-47FF-8339-BA5A931BE14B}"
EndProject
Global
	GlobalSection(SolutionConfigurationPlatforms) = preSolution
		Debug|Any CPU = Debug|Any CPU
		Release|Any CPU = Release|Any CPU
	EndGlobalSection
	GlobalSection(ProjectConfigurationPlatforms) = postSolution
		{2C67C586-1695-47FF-8339-BA5A931BE14B}.Debug|Any CPU.ActiveCfg = Debug|Any CPU
		{2C67C586-1695-47FF-8339-BA5A931BE14B}.Debug|Any CPU.Build.0 = Debug|Any CPU
		{2C67C586-1695-47FF-8339-BA5A931BE14B}.Release|Any CPU.ActiveCfg = Release|Any CPU
		{2C67C586-1695-47FF-8339-BA5A931BE14B}.Release|Any CPU.Build.0 = Release|Any CPU
	EndGlobalSection
	GlobalSection(SolutionProperties) = preSolution
		HideSolutionNode = FALSE
	EndGlobalSection
	GlobalSection(ExtensibilityGlobals) = postSolution
		SolutionGuid = {DE7E5B79-BEF8-415A-ABCB-74B87C11C701}
	EndGlobalSection
EndGlobal
